
Microsoft Visual Studio Solution File, Format Version 12.00
# Visual Studio Version 17
VisualStudioVersion = 17.7.34003.232
MinimumVisualStudioVersion = 10.0.40219.1
Project("{FAE04EC0-301F-11D3-BF4B-00C04F79EFBC}") = "MVVM_implementacion_AGGP.Android", "MVVM_implementacion_AGGP\MVVM_implementacion_AGGP.Android\MVVM_implementacion_AGGP.Android.csproj", "{8D68E824-B8BC-4933-A166-BC3E92E1EA06}"
EndProject
Project("{FAE04EC0-301F-11D3-BF4B-00C04F79EFBC}") = "MVVM_implementacion_AGGP.iOS", "MVVM_implementacion_AGGP\MVVM_implementacion_AGGP.iOS\MVVM_implementacion_AGGP.iOS.csproj", "{B0B41760-80A1-4E9B-8408-0AF8A374E05A}"
EndProject
Project("{FAE04EC0-301F-11D3-BF4B-00C04F79EFBC}") = "MVVM_implementacion_AGGP", "MVVM_implementacion_AGGP\MVVM_implementacion_AGGP\MVVM_implementacion_AGGP.csproj", "{F9D1FC89-F542-499B-9D44-B36496976170}"
EndProject
Global
	GlobalSection(SolutionConfigurationPlatforms) = preSolution
		Debug|Any CPU = Debug|Any CPU
		Debug|iPhone = Debug|iPhone
		Debug|iPhoneSimulator = Debug|iPhoneSimulator
		Release|Any CPU = Release|Any CPU
		Release|iPhone = Release|iPhone
		Release|iPhoneSimulator = Release|iPhoneSimulator
	EndGlobalSection
	GlobalSection(ProjectConfigurationPlatforms) = postSolution
		{8D68E824-B8BC-4933-A166-BC3E92E1EA06}.Debug|Any CPU.ActiveCfg = Debug|Any CPU
		{8D68E824-B8BC-4933-A166-BC3E92E1EA06}.Debug|Any CPU.Build.0 = Debug|Any CPU
		{8D68E824-B8BC-4933-A166-BC3E92E1EA06}.Debug|Any CPU.Deploy.0 = Debug|Any CPU
		{8D68E824-B8BC-4933-A166-BC3E92E1EA06}.Debug|iPhone.ActiveCfg = Debug|Any CPU
		{8D68E824-B8BC-4933-A166-BC3E92E1EA06}.Debug|iPhone.Build.0 = Debug|Any CPU
		{8D68E824-B8BC-4933-A166-BC3E92E1EA06}.Debug|iPhone.Deploy.0 = Debug|Any CPU
		{8D68E824-B8BC-4933-A166-BC3E92E1EA06}.Debug|iPhoneSimulator.ActiveCfg = Debug|Any CPU
		{8D68E824-B8BC-4933-A166-BC3E92E1EA06}.Debug|iPhoneSimulator.Build.0 = Debug|Any CPU
		{8D68E824-B8BC-4933-A166-BC3E92E1EA06}.Debug|iPhoneSimulator.Deploy.0 = Debug|Any CPU
		{8D68E824-B8BC-4933-A166-BC3E92E1EA06}.Release|Any CPU.ActiveCfg = Release|Any CPU
		{8D68E824-B8BC-4933-A166-BC3E92E1EA06}.Release|Any CPU.Build.0 = Release|Any CPU
		{8D68E824-B8BC-4933-A166-BC3E92E1EA06}.Release|Any CPU.Deploy.0 = Release|Any CPU
		{8D68E824-B8BC-4933-A166-BC3E92E1EA06}.Release|iPhone.ActiveCfg = Release|Any CPU
		{8D68E824-B8BC-4933-A166-BC3E92E1EA06}.Release|iPhone.Build.0 = Release|Any CPU
		{8D68E824-B8BC-4933-A166-BC3E92E1EA06}.Release|iPhone.Deploy.0 = Release|Any CPU
		{8D68E824-B8BC-4933-A166-BC3E92E1EA06}.Release|iPhoneSimulator.ActiveCfg = Release|Any CPU
		{8D68E824-B8BC-4933-A166-BC3E92E1EA06}.Release|iPhoneSimulator.Build.0 = Release|Any CPU
		{8D68E824-B8BC-4933-A166-BC3E92E1EA06}.Release|iPhoneSimulator.Deploy.0 = Release|Any CPU
		{B0B41760-80A1-4E9B-8408-0AF8A374E05A}.Debug|Any CPU.ActiveCfg = Debug|iPhone
		{B0B41760-80A1-4E9B-8408-0AF8A374E05A}.Debug|Any CPU.Build.0 = Debug|iPhone
		{B0B41760-80A1-4E9B-8408-0AF8A374E05A}.Debug|Any CPU.Deploy.0 = Debug|iPhone
		{B0B41760-80A1-4E9B-8408-0AF8A374E05A}.Debug|iPhone.ActiveCfg = Debug|iPhone
		{B0B41760-80A1-4E9B-8408-0AF8A374E05A}.Debug|iPhone.Build.0 = Debug|iPhone
		{B0B41760-80A1-4E9B-8408-0AF8A374E05A}.Debug|iPhone.Deploy.0 = Debug|iPhone
		{B0B41760-80A1-4E9B-8408-0AF8A374E05A}.Debug|iPhoneSimulator.ActiveCfg = Debug|iPhoneSimulator
		{B0B41760-80A1-4E9B-8408-0AF8A374E05A}.Debug|iPhoneSimulator.Build.0 = Debug|iPhoneSimulator
		{B0B41760-80A1-4E9B-8408-0AF8A374E05A}.Debug|iPhoneSimulator.Deploy.0 = Debug|iPhoneSimulator
		{B0B41760-80A1-4E9B-8408-0AF8A374E05A}.Release|Any CPU.ActiveCfg = Release|iPhoneSimulator
		{B0B41760-80A1-4E9B-8408-0AF8A374E05A}.Release|Any CPU.Build.0 = Release|iPhoneSimulator
		{B0B41760-80A1-4E9B-8408-0AF8A374E05A}.Release|Any CPU.Deploy.0 = Release|iPhoneSimulator
		{B0B41760-80A1-4E9B-8408-0AF8A374E05A}.Release|iPhone.ActiveCfg = Release|iPhone
		{B0B41760-80A1-4E9B-8408-0AF8A374E05A}.Release|iPhone.Build.0 = Release|iPhone
		{B0B41760-80A1-4E9B-8408-0AF8A374E05A}.Release|iPhone.Deploy.0 = Release|iPhone
		{B0B41760-80A1-4E9B-8408-0AF8A374E05A}.Release|iPhoneSimulator.ActiveCfg = Release|iPhoneSimulator
		{B0B41760-80A1-4E9B-8408-0AF8A374E05A}.Release|iPhoneSimulator.Build.0 = Release|iPhoneSimulator
		{B0B41760-80A1-4E9B-8408-0AF8A374E05A}.Release|iPhoneSimulator.Deploy.0 = Release|iPhoneSimulator
		{F9D1FC89-F542-499B-9D44-B36496976170}.Debug|Any CPU.ActiveCfg = Debug|Any CPU
		{F9D1FC89-F542-499B-9D44-B36496976170}.Debug|Any CPU.Build.0 = Debug|Any CPU
		{F9D1FC89-F542-499B-9D44-B36496976170}.Debug|Any CPU.Deploy.0 = Debug|Any CPU
		{F9D1FC89-F542-499B-9D44-B36496976170}.Debug|iPhone.ActiveCfg = Debug|Any CPU
		{F9D1FC89-F542-499B-9D44-B36496976170}.Debug|iPhone.Build.0 = Debug|Any CPU
		{F9D1FC89-F542-499B-9D44-B36496976170}.Debug|iPhone.Deploy.0 = Debug|Any CPU
		{F9D1FC89-F542-499B-9D44-B36496976170}.Debug|iPhoneSimulator.ActiveCfg = Debug|Any CPU
		{F9D1FC89-F542-499B-9D44-B36496976170}.Debug|iPhoneSimulator.Build.0 = Debug|Any CPU
		{F9D1FC89-F542-499B-9D44-B36496976170}.Debug|iPhoneSimulator.Deploy.0 = Debug|Any CPU
		{F9D1FC89-F542-499B-9D44-B36496976170}.Release|Any CPU.ActiveCfg = Release|Any CPU
		{F9D1FC89-F542-499B-9D44-B36496976170}.Release|Any CPU.Build.0 = Release|Any CPU
		{F9D1FC89-F542-499B-9D44-B36496976170}.Release|Any CPU.Deploy.0 = Release|Any CPU
		{F9D1FC89-F542-499B-9D44-B36496976170}.Release|iPhone.ActiveCfg = Release|Any CPU
		{F9D1FC89-F542-499B-9D44-B36496976170}.Release|iPhone.Build.0 = Release|Any CPU
		{F9D1FC89-F542-499B-9D44-B36496976170}.Release|iPhone.Deploy.0 = Release|Any CPU
		{F9D1FC89-F542-499B-9D44-B36496976170}.Release|iPhoneSimulator.ActiveCfg = Release|Any CPU
		{F9D1FC89-F542-499B-9D44-B36496976170}.Release|iPhoneSimulator.Build.0 = Release|Any CPU
		{F9D1FC89-F542-499B-9D44-B36496976170}.Release|iPhoneSimulator.Deploy.0 = Release|Any CPU
	EndGlobalSection
	GlobalSection(SolutionProperties) = preSolution
		HideSolutionNode = FALSE
	EndGlobalSection
	GlobalSection(ExtensibilityGlobals) = postSolution
		SolutionGuid = {B05059C1-72A3-4AF4-9445-88938997DEC8}
	EndGlobalSection
EndGlobal
